# This file is automatically @generated by Poetry 2.2.1 and should not be changed by hand.

[[package]]
name = "asttokens"
version = "3.0.1"
description = "Annotate AST trees with source code positions"
optional = false
python-versions = ">=3.8"
groups = ["main"]
files = [
    {file = "asttokens-3.0.1-py3-none-any.whl", hash = "sha256:15a3ebc0f43c2d0a50eeafea25e19046c68398e487b9f1f5b517f7c0f40f976a"},
    {file = "asttokens-3.0.1.tar.gz", hash = "sha256:71a4ee5de0bde6a31d64f6b13f2293ac190344478f081c3d1bccfcf5eacb0cb7"},
]

[package.extras]
astroid = ["astroid (>=2,<5)"]
test = ["astroid (>=2,<5)", "pytest (<9.0)", "pytest-cov", "pytest-xdist"]

[[package]]
name = "cbor2"
version = "5.8.0"
description = "CBOR (de)serializer with extensive tag support"
optional = false
python-versions = ">=3.9"
groups = ["main"]
files = [
    {file = "cbor2-5.8.0-cp310-cp310-macosx_11_0_arm64.whl", hash = "sha256:2263c0c892194f10012ced24c322d025d9d7b11b41da1c357f3b3fe06676e6b7"},
    {file = "cbor2-5.8.0-cp310-cp310-manylinux2014_aarch64.manylinux_2_17_aarch64.manylinux_2_28_aarch64.whl", hash = "sha256:6ffe4ca079f6f8ed393f5c71a8de22651cb27bd50e74e2bcd6bc9c8f853a732b"},
    {file = "cbor2-5.8.0-cp310-cp310-manylinux2014_x86_64.manylinux_2_17_x86_64.manylinux_2_28_x86_64.whl", hash = "sha256:0427bd166230fe4c4b72965c6f2b6273bf29016d97cf08b258fa48db851ea598"},
    {file = "cbor2-5.8.0-cp310-cp310-musllinux_1_2_aarch64.whl", hash = "sha256:c23a04947c37964d70028ca44ea2a8709f09b8adc0090f9b5710fa957e9bc545"},
    {file = "cbor2-5.8.0-cp310-cp310-musllinux_1_2_x86_64.whl", hash = "sha256:218d5c7d2e8d13c7eded01a1b3fe2a9a1e51a7a843cefb8d38cb4bbbc6ad9bf7"},
    {file = "cbor2-5.8.0-cp310-cp310-win_amd64.whl", hash = "sha256:4ce7d907a25448af7c13415281d739634edfd417228b274309b243ca52ad71f9"},
    {file = "cbor2-5.8.0-cp310-cp310-win_arm64.whl", hash = "sha256:628d0ea850aa040921a0e50a08180e7d20cf691432cec3eabc193f643eccfbde"},
    {file = "cbor2-5.8.0-cp311-cp311-macosx_11_0_arm64.whl", hash = "sha256:18ac191640093e6c7fbcb174c006ffec4106c3d8ab788e70272c1c4d933cbe11"},
    {file = "cbor2-5.8.0-cp311-cp311-manylinux2014_aarch64.manylinux_2_17_aarch64.manylinux_2_28_aarch64.whl", hash = "sha256:fddee9103a17d7bed5753f0c7fc6663faa506eb953e50d8287804eccf7b048e6"},
    {file = "cbor2-5.8.0-cp311-cp311-manylinux2014_x86_64.manylinux_2_17_x86_64.manylinux_2_28_x86_64.whl", hash = "sha256:8d2ea26fad620aba5e88d7541be8b10c5034a55db9a23809b7cb49f36803f05b"},
    {file = "cbor2-5.8.0-cp311-cp311-musllinux_1_2_aarch64.whl", hash = "sha256:de68b4b310b072b082d317adc4c5e6910173a6d9455412e6183d72c778d1f54c"},
    {file = "cbor2-5.8.0-cp311-cp311-musllinux_1_2_x86_64.whl", hash = "sha256:418d2cf0e03e90160fa1474c05a40fe228bbb4a92d1628bdbbd13a48527cb34d"},
    {file = "cbor2-5.8.0-cp311-cp311-win_amd64.whl", hash = "sha256:453200ffa1c285ea46ab5745736a015526d41f22da09cb45594624581d959770"},
    {file = "cbor2-5.8.0-cp311-cp311-win_arm64.whl", hash = "sha256:f6615412fca973a8b472b3efc4dab01df71cc13f15d8b2c0a1cffac44500f12d"},
    {file = "cbor2-5.8.0-cp312-cp312-macosx_11_0_arm64.whl", hash = "sha256:4b3f91fa699a5ce22470e973601c62dd9d55dc3ca20ee446516ac075fcab27c9"},
    {file = "cbor2-5.8.0-cp312-cp312-manylinux2014_aarch64.manylinux_2_17_aarch64.manylinux_2_28_aarch64.whl", hash = "sha256:518c118a5e00001854adb51f3164e647aa99b6a9877d2a733a28cb5c0a4d6857"},
    {file = "cbor2-5.8.0-cp312-cp312-manylinux2014_x86_64.manylinux_2_17_x86_64.manylinux_2_28_x86_64.whl", hash = "sha256:cff2a1999e49cd51c23d1b6786a012127fd8f722c5946e82bd7ab3eb307443f3"},
    {file = "cbor2-5.8.0-cp312-cp312-musllinux_1_2_aarch64.whl", hash = "sha256:4c4492160212374973cdc14e46f0565f2462721ef922b40f7ea11e7d613dfb2a"},
    {file = "cbor2-5.8.0-cp312-cp312-musllinux_1_2_x86_64.whl", hash = "sha256:546c7c7c4c6bcdc54a59242e0e82cea8f332b17b4465ae628718fef1fce401ca"},
    {file = "cbor2-5.8.0-cp312-cp312-win_amd64.whl", hash = "sha256:074f0fa7535dd7fdee247c2c99f679d94f3aa058ccb1ccf4126cc72d6d89cbae"},
    {file = "cbor2-5.8.0-cp312-cp312-win_arm64.whl", hash = "sha256:f95fed480b2a0d843f294d2a1ef4cc0f6a83c7922927f9f558e1f5a8dc54b7ca"},
    {file = "cbor2-5.8.0-cp313-cp313-macosx_11_0_arm64.whl", hash = "sha256:6d8d104480845e2f28c6165b4c961bbe58d08cb5638f368375cfcae051c28015"},
    {file = "cbor2-5.8.0-cp313-cp313-manylinux2014_aarch64.manylinux_2_17_aarch64.manylinux_2_28_aarch64.whl", hash = "sha256:43efee947e5ab67d406d6e0dc61b5dee9d2f5e89ae176f90677a3741a20ca2e7"},
    {file = "cbor2-5.8.0-cp313-cp313-manylinux2014_x86_64.manylinux_2_17_x86_64.manylinux_2_28_x86_64.whl", hash = "sha256:be7ae582f50be539e09c134966d0fd63723fc4789b8dff1f6c2e3f24ae3eaf32"},
    {file = "cbor2-5.8.0-cp313-cp313-musllinux_1_2_aarch64.whl", hash = "sha256:50f5c709561a71ea7970b4cd2bf9eda4eccacc0aac212577080fdfe64183e7f5"},
    {file = "cbor2-5.8.0-cp313-cp313-musllinux_1_2_x86_64.whl", hash = "sha256:a6790ecc73aa93e76d2d9076fc42bf91a9e69f2295e5fa702e776dbe986465bd"},
    {file = "cbor2-5.8.0-cp313-cp313-win_amd64.whl", hash = "sha256:c114af8099fa65a19a514db87ce7a06e942d8fea2730afd49be39f8e16e7f5e0"},
    {file = "cbor2-5.8.0-cp313-cp313-win_arm64.whl", hash = "sha256:ab3ba00494ad8669a459b12a558448d309c271fa4f89b116ad496ee35db38fea"},
    {file = "cbor2-5.8.0-cp314-cp314-macosx_11_0_arm64.whl", hash = "sha256:ad72381477133046ce217617d839ea4e9454f8b77d9a6351b229e214102daeb7"},
    {file = "cbor2-5.8.0-cp314-cp314-manylinux2014_aarch64.manylinux_2_17_aarch64.manylinux_2_28_aarch64.whl", hash = "sha256:6da25190fad3434ce99876b11d4ca6b8828df6ca232cf7344cd14ae1166fb718"},
    {file = "cbor2-5.8.0-cp314-cp314-manylinux2014_x86_64.manylinux_2_17_x86_64.manylinux_2_28_x86_64.whl", hash = "sha256:c13919e3a24c5a6d286551fa288848a4cedc3e507c58a722ccd134e461217d99"},
    {file = "cbor2-5.8.0-cp314-cp314-musllinux_1_2_aarch64.whl", hash = "sha256:f8c40d32e5972047a777f9bf730870828f3cf1c43b3eb96fd0429c57a1d3b9e6"},
    {file = "cbor2-5.8.0-cp314-cp314-musllinux_1_2_x86_64.whl", hash = "sha256:7627894bc0b3d5d0807f31e3107e11b996205470c4429dc2bb4ef8bfe7f64e1e"},
    {file = "cbor2-5.8.0-cp314-cp314-win_amd64.whl", hash = "sha256:b51c5e59becae746ca4de2bbaa8a2f5c64a68fec05cea62941b1a84a8335f7d1"},
    {file = "cbor2-5.8.0-cp314-cp314-win_arm64.whl", hash = "sha256:53b630f4db4b9f477ad84077283dd17ecf9894738aa17ef4938c369958e02a71"},
    {file = "cbor2-5.8.0-cp39-cp39-macosx_11_0_arm64.whl", hash = "sha256:6cda8fc407e91c4b07f1ae217332b2418096345b2f003894425bd874af445573"},
    {file = "cbor2-5.8.0-cp39-cp39-manylinux2014_aarch64.manylinux_2_17_aarch64.manylinux_2_28_aarch64.whl", hash = "sha256:f935c87350cfcccfa3499413c90d62d0591c8220932c200c2a7108737d4c96c6"},
    {file = "cbor2-5.8.0-cp39-cp39-manylinux2014_x86_64.manylinux_2_17_x86_64.manylinux_2_28_x86_64.whl", hash = "sha256:8f36afff8d8527d68cabf1b13acef15a573c0864b99017e315dcbe5710cb7e6e"},
    {file = "cbor2-5.8.0-cp39-cp39-musllinux_1_2_aarch64.whl", hash = "sha256:d9f197a7b33c3afa44f18d16a2f823c1c020e3eb57a79cfaa0f21435e9a7f732"},
    {file = "cbor2-5.8.0-cp39-cp39-musllinux_1_2_x86_64.whl", hash = "sha256:4df31a52b20d28bf60ee35d16b2b43c2870b77c901cbc42e4151b575b20d522e"},
    {file = "cbor2-5.8.0-cp39-cp39-win_amd64.whl", hash = "sha256:88db454bfdfeb7c611b926e70f28d4bc37e7cbc55594141a3514cc087c8890c2"},
    {file = "cbor2-5.8.0-cp39-cp39-win_arm64.whl", hash = "sha256:b0400d2c98b3137448090cd9cfa9d3ecf1b04852328339c85025b1c3acfd8b7d"},
    {file = "cbor2-5.8.0-py3-none-any.whl", hash = "sha256:3727d80f539567b03a7aa11890e57798c67092c38df9e6c23abb059e0f65069c"},
    {file = "cbor2-5.8.0.tar.gz", hash = "sha256:b19c35fcae9688ac01ef75bad5db27300c2537eb4ee00ed07e05d8456a0d4931"},
]

[[package]]
name = "immutables"
version = "0.21"
description = "Immutable Collections"
optional = false
python-versions = ">=3.8.0"
groups = ["main"]
files = [
    {file = "immutables-0.21-cp310-cp310-macosx_10_9_x86_64.whl", hash = "sha256:14cb09d4f4577ad9ab8770a340dc2158e0a5ab5775cb34c75960167a31104212"},
    {file = "immutables-0.21-cp310-cp310-macosx_11_0_arm64.whl", hash = "sha256:22ba593f95044ac60d2af463f3dc86cd0e223f8c51df85dff65d663d93e19f51"},
    {file = "immutables-0.21-cp310-cp310-manylinux_2_17_aarch64.manylinux2014_aarch64.whl", hash = "sha256:25afc81a7bcf26c8364f85e52a14e0095344343e79493c73b0e9a765310a0bed"},
    {file = "immutables-0.21-cp310-cp310-manylinux_2_5_x86_64.manylinux1_x86_64.manylinux_2_17_x86_64.manylinux2014_x86_64.whl", hash = "sha256:eac6e2868567289f88c6810f296940c328a1d38c9abc841eed04963102a27d12"},
    {file = "immutables-0.21-cp310-cp310-musllinux_1_2_aarch64.whl", hash = "sha256:ba8bca21a1d034f4577ede1e9553a681dd01199c06b563f1a8316f2623b64985"},
    {file = "immutables-0.21-cp310-cp310-musllinux_1_2_x86_64.whl", hash = "sha256:39337bfb42f83dd787a81e2d00e90efa17c4a39a9cf1210b8a50dafe32438aae"},
    {file = "immutables-0.21-cp310-cp310-win32.whl", hash = "sha256:b24aa98f6cdae4ba15baf3aa00e84223bafcd0d3fd7f0443474527ec951845e1"},
    {file = "immutables-0.21-cp310-cp310-win_amd64.whl", hash = "sha256:715f8e5f8e1c35f036f9ac62eaf8b672eec1cdc2b4f9b73864cc64eccc76661c"},
    {file = "immutables-0.21-cp311-cp311-macosx_10_9_x86_64.whl", hash = "sha256:5d780c38067047911a2e06a86ba063ba0055618ab5573c8198ef3f368e321303"},
    {file = "immutables-0.21-cp311-cp311-macosx_11_0_arm64.whl", hash = "sha256:9aab9d0f0016f6e0bfe7e4a4cb831ef20063da6468b1bbc71d06ef285781ee9e"},
    {file = "immutables-0.21-cp311-cp311-manylinux_2_17_aarch64.manylinux2014_aarch64.whl", hash = "sha256:7ff83390b05d3372acb9a0c928f6cc20c78e74ca20ed88eb941f84a63b65e444"},
    {file = "immutables-0.21-cp311-cp311-manylinux_2_5_x86_64.manylinux1_x86_64.manylinux_2_17_x86_64.manylinux2014_x86_64.whl", hash = "sha256:d01497713e71509c4481ffccdbe3a47b94969345f4e92f814d6626f7c0a4c304"},
    {file = "immutables-0.21-cp311-cp311-musllinux_1_2_aarch64.whl", hash = "sha256:bc7844c9fbb5bece5bfdf2bf8ea74d308f42f40b0665fd25c58abf56d7db024a"},
    {file = "immutables-0.21-cp311-cp311-musllinux_1_2_x86_64.whl", hash = "sha256:984106fa4345efd9f96de22e9949fc97bac8598bdebee03c20b2497a88bff3b7"},
    {file = "immutables-0.21-cp311-cp311-win32.whl", hash = "sha256:1bdb5200518518601377e4877d5034e7c535e9ea8a9d601ed8b0eedef0c7becd"},
    {file = "immutables-0.21-cp311-cp311-win_amd64.whl", hash = "sha256:dd00c34f431c54c95e7b84bfdbdeacb4f039a6a24eb0c1f7aa4b168bb9a6ad0a"},
    {file = "immutables-0.21-cp312-cp312-macosx_10_13_x86_64.whl", hash = "sha256:ef1ed262094b755903122c3c3a83ad0e0d5c3ab7887cda12b2fe878769d1ee0d"},
    {file = "immutables-0.21-cp312-cp312-macosx_11_0_arm64.whl", hash = "sha256:ce604f81d9d8f26e60b52ebcb56bb5c0462c8ea50fb17868487d15f048a2f13e"},
    {file = "immutables-0.21-cp312-cp312-manylinux_2_17_aarch64.manylinux2014_aarch64.whl", hash = "sha256:b48b116aaca4500398058b5a87814857a60c4cb09417fecc12d7da0f5639b73d"},
    {file = "immutables-0.21-cp312-cp312-manylinux_2_5_x86_64.manylinux1_x86_64.manylinux_2_17_x86_64.manylinux2014_x86_64.whl", hash = "sha256:dad7c0c74b285cc0e555ec0e97acbdc6f1862fcd16b99abd612df3243732e741"},
    {file = "immutables-0.21-cp312-cp312-musllinux_1_2_aarch64.whl", hash = "sha256:e44346e2221a5a676c880ca8e0e6429fa24d1a4ae562573f5c04d7f2e759b030"},
    {file = "immutables-0.21-cp312-cp312-musllinux_1_2_x86_64.whl", hash = "sha256:8b10139b529a460e53fe8be699ebd848c54c8a33ebe67763bcfcc809a475a26f"},
    {file = "immutables-0.21-cp312-cp312-win32.whl", hash = "sha256:fc512d808662614feb17d2d92e98f611d69669a98c7af15910acf1dc72737038"},
    {file = "immutables-0.21-cp312-cp312-win_amd64.whl", hash = "sha256:461dcb0f58a131045155e52a2c43de6ec2fe5ba19bdced6858a3abb63cee5111"},
    {file = "immutables-0.21-cp313-cp313-macosx_10_13_x86_64.whl", hash = "sha256:79674b51aa8dd983f9ac55f7f67b433b1df84a6b4f28ab860588389a5659485b"},
    {file = "immutables-0.21-cp313-cp313-macosx_11_0_arm64.whl", hash = "sha256:93c8350f8f7d0d9693f708229d9d0578e6f3b785ce6da4bced1da97137aacfad"},
    {file = "immutables-0.21-cp313-cp313-manylinux_2_17_aarch64.manylinux2014_aarch64.whl", hash = "sha256:583d2a63e444ce1538cc2bda56ae1f4a1a11473dbc0377c82b516bc7eec3b81e"},
    {file = "immutables-0.21-cp313-cp313-manylinux_2_5_x86_64.manylinux1_x86_64.manylinux_2_17_x86_64.manylinux2014_x86_64.whl", hash = "sha256:b274a52da9b106db55eceb93fc1aea858c4e6f4740189e3548e38613eafc2021"},
    {file = "immutables-0.21-cp313-cp313-musllinux_1_2_aarch64.whl", hash = "sha256:338bede057250b33716a3e4892e15df0bf5a5ddbf1d67ead996b3e680b49ef9e"},
    {file = "immutables-0.21-cp313-cp313-musllinux_1_2_x86_64.whl", hash = "sha256:8781c89583b68f604cf30f0978b722165824c3075888639fde771bf1a3e12dc0"},
    {file = "immutables-0.21-cp313-cp313-win32.whl", hash = "sha256:e97ea83befad873712f283c0cccd630f70cba753e207b4868af28d5b85e9dc54"},
    {file = "immutables-0.21-cp313-cp313-win_amd64.whl", hash = "sha256:cfcb23bd898f5a4ef88692b42c51f52ca7373a35ba4dcc215060a668639eb5da"},
    {file = "immutables-0.21-cp38-cp38-macosx_10_9_x86_64.whl", hash = "sha256:07a37d8699255402a10784d4d45f2bcc00ca7dba8da763207a834b15767e6c62"},
    {file = "immutables-0.21-cp38-cp38-macosx_11_0_arm64.whl", hash = "sha256:9139fd80bb05501216f49c4306bb80d0c1a08c3f0f621ed2939bf52d7f762661"},
    {file = "immutables-0.21-cp38-cp38-manylinux_2_17_aarch64.manylinux2014_aarch64.whl", hash = "sha256:fc6fc7e917e281361ad243be1a3cb56a7633de88ee67c94cdf5651958ead30d9"},
    {file = "immutables-0.21-cp38-cp38-manylinux_2_5_x86_64.manylinux1_x86_64.manylinux_2_17_x86_64.manylinux2014_x86_64.whl", hash = "sha256:f6a577f55eaaf763b685eef9710edbeb7ee95e2e5f54e7e5e0fd0f60ae2eb648"},
    {file = "immutables-0.21-cp38-cp38-musllinux_1_2_aarch64.whl", hash = "sha256:ca912c1bb35615ccbe361a6bb76e6fd43827394102467967d5599d78b50dd0f4"},
    {file = "immutables-0.21-cp38-cp38-musllinux_1_2_x86_64.whl", hash = "sha256:586e88ca7ed44b7bb2cd7b212abd2637b51bd95bdb4856ab111b44715a62071c"},
    {file = "immutables-0.21-cp38-cp38-win32.whl", hash = "sha256:21adc6b478a58692c79c5bf316b39d3fd0552441d2b38eef1782a7555deee484"},
    {file = "immutables-0.21-cp38-cp38-win_amd64.whl", hash = "sha256:ecff5274357dc18aae053e5e10b8eee5e9b4d6cc774d34148c992cb2eb787ec3"},
    {file = "immutables-0.21-cp39-cp39-macosx_10_9_x86_64.whl", hash = "sha256:e2aadf3bdd90daa0e8cb9c3cde4070e1021036e3b57f571a007ce24f323e47a9"},
    {file = "immutables-0.21-cp39-cp39-macosx_11_0_arm64.whl", hash = "sha256:5f8f507731d4d15e0c579aa77d8482471f988dc0f451e4bf3853ec36ccd42627"},
    {file = "immutables-0.21-cp39-cp39-manylinux_2_17_aarch64.manylinux2014_aarch64.whl", hash = "sha256:cb9a378a4480381d7d3d63b0d201cf610eae0bf70e26a9306e3e631c9bd64010"},
    {file = "immutables-0.21-cp39-cp39-manylinux_2_5_x86_64.manylinux1_x86_64.manylinux_2_17_x86_64.manylinux2014_x86_64.whl", hash = "sha256:4a7b5920bbfcaf038894c8ce4ed2eff0b31c3559810a61806db751be8ab4d703"},
    {file = "immutables-0.21-cp39-cp39-musllinux_1_2_aarch64.whl", hash = "sha256:8b90702d1fe313e8273ae7abb46fc0f0a87b47c1c9a83aed9a161301146e655c"},
    {file = "immutables-0.21-cp39-cp39-musllinux_1_2_x86_64.whl", hash = "sha256:71cbbc6fbe7e7321648047ff9273f4605f8bd5ce456841a65ef151080e9d3481"},
    {file = "immutables-0.21-cp39-cp39-win32.whl", hash = "sha256:c44f286c47dc0d4d7b5bf19fbe975e6d57c56d2878cea413e1ec7a4bfffb2727"},
    {file = "immutables-0.21-cp39-cp39-win_amd64.whl", hash = "sha256:cf15314c39484b8947a4e20c3526021272510592fb2807b5136a2fcd6ab0151b"},
    {file = "immutables-0.21.tar.gz", hash = "sha256:b55ffaf0449790242feb4c56ab799ea7af92801a0a43f9e2f4f8af2ab24dfc4a"},
]

[package.extras]
test = ["flake8 (>=5.0,<6.0)", "mypy (>=1.4,<2.0)", "pycodestyle (>=2.9,<3.0)", "pytest (>=7.4,<8.0)"]

[[package]]
name = "lark"
version = "1.3.1"
description = "a modern parsing library"
optional = false
python-versions = ">=3.8"
groups = ["main"]
files = [
    {file = "lark-1.3.1-py3-none-any.whl", hash = "sha256:c629b661023a014c37da873b4ff58a817398d12635d3bbb2c5a03be7fe5d1e12"},
    {file = "lark-1.3.1.tar.gz", hash = "sha256:b426a7a6d6d53189d318f2b6236ab5d6429eaf09259f1ca33eb716eed10d2905"},
]

[package.extras]
atomic-cache = ["atomicwrites"]
interegular = ["interegular (>=0.3.1,<0.4.0)"]
nearley = ["js2py"]
regex = ["regex"]

[[package]]
name = "packaging"
version = "26.0"
description = "Core utilities for Python packages"
optional = false
python-versions = ">=3.8"
groups = ["main"]
files = [
    {file = "packaging-26.0-py3-none-any.whl", hash = "sha256:b36f1fef9334a5588b4166f8bcd26a14e521f2b55e6b9de3aaa80d3ff7a37529"},
    {file = "packaging-26.0.tar.gz", hash = "sha256:00243ae351a257117b6a241061796684b084ed1c516a08c48a3f7e147a9d80b4"},
]

[[package]]
name = "pycryptodome"
version = "3.23.0"
description = "Cryptographic library for Python"
optional = false
python-versions = "!=3.0.*,!=3.1.*,!=3.2.*,!=3.3.*,!=3.4.*,!=3.5.*,!=3.6.*,>=2.7"
groups = ["main"]
files = [
    {file = "pycryptodome-3.23.0-cp27-cp27m-macosx_10_9_x86_64.whl", hash = "sha256:a176b79c49af27d7f6c12e4b178b0824626f40a7b9fed08f712291b6d54bf566"},
    {file = "pycryptodome-3.23.0-cp27-cp27m-manylinux2010_i686.whl", hash = "sha256:573a0b3017e06f2cffd27d92ef22e46aa3be87a2d317a5abf7cc0e84e321bd75"},
    {file = "pycryptodome-3.23.0-cp27-cp27m-manylinux2010_x86_64.whl", hash = "sha256:63dad881b99ca653302b2c7191998dd677226222a3f2ea79999aa51ce695f720"},
    {file = "pycryptodome-3.23.0-cp27-cp27m-win32.whl", hash = "sha256:b34e8e11d97889df57166eda1e1ddd7676da5fcd4d71a0062a760e75060514b4"},
    {file = "pycryptodome-3.23.0-cp27-cp27mu-manylinux2010_i686.whl", hash = "sha256:7ac1080a8da569bde76c0a104589c4f414b8ba296c0b3738cf39a466a9fb1818"},
    {file = "pycryptodome-3.23.0-cp27-cp27mu-manylinux2010_x86_64.whl", hash = "sha256:6fe8258e2039eceb74dfec66b3672552b6b7d2c235b2dfecc05d16b8921649a8"},
    {file = "pycryptodome-3.23.0-cp313-cp313t-macosx_10_13_universal2.whl", hash = "sha256:0011f7f00cdb74879142011f95133274741778abba114ceca229adbf8e62c3e4"},
    {file = "pycryptodome-3.23.0-cp313-cp313t-macosx_10_13_x86_64.whl", hash = "sha256:90460fc9e088ce095f9ee8356722d4f10f86e5be06e2354230a9880b9c549aae"},
    {file = "pycryptodome-3.23.0-cp313-cp313t-manylinux_2_17_aarch64.manylinux2014_aarch64.whl", hash = "sha256:4764e64b269fc83b00f682c47443c2e6e85b18273712b98aa43bcb77f8570477"},
    {file = "pycryptodome-3.23.0-cp313-cp313t-manylinux_2_17_x86_64.manylinux2014_x86_64.whl", hash = "sha256:eb8f24adb74984aa0e5d07a2368ad95276cf38051fe2dc6605cbcf482e04f2a7"},
    {file = "pycryptodome-3.23.0-cp313-cp313t-manylinux_2_5_i686.manylinux1_i686.manylinux_2_17_i686.manylinux2014_i686.whl", hash = "sha256:d97618c9c6684a97ef7637ba43bdf6663a2e2e77efe0f863cce97a76af396446"},
    {file = "pycryptodome-3.23.0-cp313-cp313t-musllinux_1_2_aarch64.whl", hash = "sha256:9a53a4fe5cb075075d515797d6ce2f56772ea7e6a1e5e4b96cf78a14bac3d265"},
    {file = "pycryptodome-3.23.0-cp313-cp313t-musllinux_1_2_i686.whl", hash = "sha256:763d1d74f56f031788e5d307029caef067febf890cd1f8bf61183ae142f1a77b"},
    {file = "pycryptodome-3.23.0-cp313-cp313t-musllinux_1_2_x86_64.whl", hash = "sha256:954af0e2bd7cea83ce72243b14e4fb518b18f0c1649b576d114973e2073b273d"},
    {file = "pycryptodome-3.23.0-cp313-cp313t-win32.whl", hash = "sha256:257bb3572c63ad8ba40b89f6fc9d63a2a628e9f9708d31ee26560925ebe0210a"},
    {file = "pycryptodome-3.23.0-cp313-cp313t-win_amd64.whl", hash = "sha256:6501790c5b62a29fcb227bd6b62012181d886a767ce9ed03b303d1f22eb5c625"},
    {file = "pycryptodome-3.23.0-cp313-cp313t-win_arm64.whl", hash = "sha256:9a77627a330ab23ca43b48b130e202582e91cc69619947840ea4d2d1be21eb39"},
    {file = "pycryptodome-3.23.0-cp37-abi3-macosx_10_9_universal2.whl", hash = "sha256:187058ab80b3281b1de11c2e6842a357a1f71b42cb1e15bce373f3d238135c27"},
    {file = "pycryptodome-3.23.0-cp37-abi3-macosx_10_9_x86_64.whl", hash = "sha256:cfb5cd445280c5b0a4e6187a7ce8de5a07b5f3f897f235caa11f1f435f182843"},
    {file = "pycryptodome-3.23.0-cp37-abi3-manylinux_2_17_aarch64.manylinux2014_aarch64.whl", hash = "sha256:67bd81fcbe34f43ad9422ee8fd4843c8e7198dd88dd3d40e6de42ee65fbe1490"},
    {file = "pycryptodome-3.23.0-cp37-abi3-manylinux_2_17_x86_64.manylinux2014_x86_64.whl", hash = "sha256:c8987bd3307a39bc03df5c8e0e3d8be0c4c3518b7f044b0f4c15d1aa78f52575"},
    {file = "pycryptodome-3.23.0-cp37-abi3-manylinux_2_5_i686.manylinux1_i686.manylinux_2_17_i686.manylinux2014_i686.whl", hash = "sha256:aa0698f65e5b570426fc31b8162ed4603b0c2841cbb9088e2b01641e3065915b"},
    {file = "pycryptodome-3.23.0-cp37-abi3-musllinux_1_2_aarch64.whl", hash = "sha256:53ecbafc2b55353edcebd64bf5da94a2a2cdf5090a6915bcca6eca6cc452585a"},
    {file = "pycryptodome-3.23.0-cp37-abi3-musllinux_1_2_i686.whl", hash = "sha256:156df9667ad9f2ad26255926524e1c136d6664b741547deb0a86a9acf5ea631f"},
    {file = "pycryptodome-3.23.0-cp37-abi3-musllinux_1_2_x86_64.whl", hash = "sha256:dea827b4d55ee390dc89b2afe5927d4308a8b538ae91d9c6f7a5090f397af1aa"},
    {file = "pycryptodome-3.23.0-cp37-abi3-win32.whl", hash = "sha256:507dbead45474b62b2bbe318eb1c4c8ee641077532067fec9c1aa82c31f84886"},
    {file = "pycryptodome-3.23.0-cp37-abi3-win_amd64.whl", hash = "sha256:c75b52aacc6c0c260f204cbdd834f76edc9fb0d8e0da9fbf8352ef58202564e2"},
    {file = "pycryptodome-3.23.0-cp37-abi3-win_arm64.whl", hash = "sha256:11eeeb6917903876f134b56ba11abe95c0b0fd5e3330def218083c7d98bbcb3c"},
    {file = "pycryptodome-3.23.0-pp27-pypy_73-manylinux2010_x86_64.whl", hash = "sha256:350ebc1eba1da729b35ab7627a833a1a355ee4e852d8ba0447fafe7b14504d56"},
    {file = "pycryptodome-3.23.0-pp27-pypy_73-win32.whl", hash = "sha256:93837e379a3e5fd2bb00302a47aee9fdf7940d83595be3915752c74033d17ca7"},
    {file = "pycryptodome-3.23.0-pp310-pypy310_pp73-macosx_10_15_x86_64.whl", hash = "sha256:ddb95b49df036ddd264a0ad246d1be5b672000f12d6961ea2c267083a5e19379"},
    {file = "pycryptodome-3.23.0-pp310-pypy310_pp73-manylinux_2_17_aarch64.manylinux2014_aarch64.whl", hash = "sha256:d8e95564beb8782abfd9e431c974e14563a794a4944c29d6d3b7b5ea042110b4"},
    {file = "pycryptodome-3.23.0-pp310-pypy310_pp73-manylinux_2_17_x86_64.manylinux2014_x86_64.whl", hash = "sha256:14e15c081e912c4b0d75632acd8382dfce45b258667aa3c67caf7a4d4c13f630"},
    {file = "pycryptodome-3.23.0-pp310-pypy310_pp73-manylinux_2_5_i686.manylinux1_i686.manylinux_2_17_i686.manylinux2014_i686.whl", hash = "sha256:a7fc76bf273353dc7e5207d172b83f569540fc9a28d63171061c42e361d22353"},
    {file = "pycryptodome-3.23.0-pp310-pypy310_pp73-win_amd64.whl", hash = "sha256:45c69ad715ca1a94f778215a11e66b7ff989d792a4d63b68dc586a1da1392ff5"},
    {file = "pycryptodome-3.23.0-pp39-pypy39_pp73-macosx_10_15_x86_64.whl", hash = "sha256:865d83c906b0fc6a59b510deceee656b6bc1c4fa0d82176e2b77e97a420a996a"},
    {file = "pycryptodome-3.23.0-pp39-pypy39_pp73-manylinux_2_17_aarch64.manylinux2014_aarch64.whl", hash = "sha256:89d4d56153efc4d81defe8b65fd0821ef8b2d5ddf8ed19df31ba2f00872b8002"},
    {file = "pycryptodome-3.23.0-pp39-pypy39_pp73-manylinux_2_17_x86_64.manylinux2014_x86_64.whl", hash = "sha256:e3f2d0aaf8080bda0587d58fc9fe4766e012441e2eed4269a77de6aea981c8be"},
    {file = "pycryptodome-3.23.0-pp39-pypy39_pp73-manylinux_2_5_i686.manylinux1_i686.manylinux_2_17_i686.manylinux2014_i686.whl", hash = "sha256:64093fc334c1eccfd3933c134c4457c34eaca235eeae49d69449dc4728079339"},
    {file = "pycryptodome-3.23.0-pp39-pypy39_pp73-win_amd64.whl", hash = "sha256:ce64e84a962b63a47a592690bdc16a7eaf709d2c2697ababf24a0def566899a6"},
    {file = "pycryptodome-3.23.0.tar.gz", hash = "sha256:447700a657182d60338bab09fdb27518f8856aecd80ae4c6bdddb67ff5da44ef"},
]

[[package]]
name = "vyper"
version = "0.4.3"
description = "Vyper: the Pythonic Programming Language for the EVM"
optional = false
python-versions = "<4,>=3.10"
groups = ["main"]
files = [
    {file = "vyper-0.4.3-py3-none-any.whl", hash = "sha256:3b9671727c888363740dc678e60336759871487d0e4e9fdd973048fa9635c4fd"},
    {file = "vyper-0.4.3.tar.gz", hash = "sha256:22a7573657401d8a3bc690d65d6b7741680007180978c3a05f9892db31d5dcf5"},
]

[package.dependencies]
asttokens = ">=2.0.5,<4"
cbor2 = ">=5.4.6,<6"
immutables = "*"
lark = ">=1.0.0,<2"
packaging = ">=23.1"
pycryptodome = ">=3.5.1,<4"
wheel = "*"

[package.extras]
dev = ["black (==23.12.0)", "eth-abi (>=5.0.0,<6.0.0)", "eth-account (==0.12.2)", "eth-stdlib (==0.2.7)", "flake8 (==6.1.0)", "flake8-bugbear (==23.12.2)", "flake8-use-fstring (==1.4)", "hexbytes (>=1.2)", "hypothesis[lark] (>=6.0,<7.0)", "ipython", "isort (==5.13.2)", "lark (==1.1.9)", "mypy (==1.5)", "pre-commit", "py-evm (>=0.12.1b1)", "pyinstaller", "pyrevm (>=0.3.2)", "pytest (>=8.0,<9.0)", "pytest-cov (>=4.1,<5.0)", "pytest-instafail (>=0.4,<1.0)", "pytest-split (>=0.7.0,<1.0)", "pytest-xdist (>=3.0,<3.4)", "setuptools", "twine"]
lint = ["black (==23.12.0)", "flake8 (==6.1.0)", "flake8-bugbear (==23.12.2)", "flake8-use-fstring (==1.4)", "isort (==5.13.2)", "mypy (==1.5)"]
test = ["eth-abi (>=5.0.0,<6.0.0)", "eth-account (==0.12.2)", "eth-stdlib (==0.2.7)", "hexbytes (>=1.2)", "hypothesis[lark] (>=6.0,<7.0)", "lark (==1.1.9)", "py-evm (>=0.12.1b1)", "pyrevm (>=0.3.2)", "pytest (>=8.0,<9.0)", "pytest-cov (>=4.1,<5.0)", "pytest-instafail (>=0.4,<1.0)", "pytest-split (>=0.7.0,<1.0)", "pytest-xdist (>=3.0,<3.4)", "setuptools"]

[[package]]
name = "wheel"
version = "0.46.3"
description = "Command line tool for manipulating wheel files"
optional = false
python-versions = ">=3.9"
groups = ["main"]
files = [
    {file = "wheel-0.46.3-py3-none-any.whl", hash = "sha256:4b399d56c9d9338230118d705d9737a2a468ccca63d5e813e2a4fc7815d8bc4d"},
    {file = "wheel-0.46.3.tar.gz", hash = "sha256:e3e79874b07d776c40bd6033f8ddf76a7dad46a7b8aa1b2787a83083519a1803"},
]

[package.dependencies]
packaging = ">=24.0"

[package.extras]
test = ["pytest (>=6.0.0)", "setuptools (>=77)"]

[metadata]
lock-version = "2.1"
python-versions = "^3.11"
content-hash = "2eba02ac3de6e4f5dfe1d8b929d5ed398b4bd9f3204e49c31ef7bf7eca4c5bff"
